
Microsoft Visual Studio Solution File, Format Version 12.00
# Visual Studio Version 16
VisualStudioVersion = 16.0.31424.327
MinimumVisualStudioVersion = 10.0.40219.1
Project("{9A19103F-16F7-4668-BE54-9A1E7A4F7556}") = "GraphQLDemo.API", "GraphQLDemo.API\GraphQLDemo.API.csproj", "{79B1BDFA-5506-4C63-91C2-0AE4DB95C400}"
EndProject
Project("{FAE04EC0-301F-11D3-BF4B-00C04F79EFBC}") = "GraphQLDemo.Client", "GraphQLDemo.Client\GraphQLDemo.Client.csproj", "{F8DE44D3-2942-4588-8516-767C52AA1BAE}"
EndProject
Global
	GlobalSection(SolutionConfigurationPlatforms) = preSolution
		Debug|Any CPU = Debug|Any CPU
		Release|Any CPU = Release|Any CPU
	EndGlobalSection
	GlobalSection(ProjectConfigurationPlatforms) = postSolution
		{79B1BDFA-5506-4C63-91C2-0AE4DB95C400}.Debug|Any CPU.ActiveCfg = Debug|Any CPU
		{79B1BDFA-5506-4C63-91C2-0AE4DB95C400}.Debug|Any CPU.Build.0 = Debug|Any CPU
		{79B1BDFA-5506-4C63-91C2-0AE4DB95C400}.Release|Any CPU.ActiveCfg = Release|Any CPU
		{79B1BDFA-5506-4C63-91C2-0AE4DB95C400}.Release|Any CPU.Build.0 = Release|Any CPU
		{F8DE44D3-2942-4588-8516-767C52AA1BAE}.Debug|Any CPU.ActiveCfg = Debug|Any CPU
		{F8DE44D3-2942-4588-8516-767C52AA1BAE}.Debug|Any CPU.Build.0 = Debug|Any CPU
		{F8DE44D3-2942-4588-8516-767C52AA1BAE}.Release|Any CPU.ActiveCfg = Release|Any CPU
		{F8DE44D3-2942-4588-8516-767C52AA1BAE}.Release|Any CPU.Build.0 = Release|Any CPU
	EndGlobalSection
	GlobalSection(SolutionProperties) = preSolution
		HideSolutionNode = FALSE
	EndGlobalSection
	GlobalSection(ExtensibilityGlobals) = postSolution
		SolutionGuid = {4F397443-DDE5-47A3-A5E3-3D6E16C4260C}
	EndGlobalSection
EndGlobal
